
Microsoft Visual Studio Solution File, Format Version 12.00
# Visual Studio Version 17
VisualStudioVersion = 17.4.33213.308
MinimumVisualStudioVersion = 10.0.40219.1
Project("{FAE04EC0-301F-11D3-BF4B-00C04F79EFBC}") = "bookStoreRecord(1)", "bookStoreRecord(1)\bookStoreRecord(1).csproj", "{315603E2-EB27-4518-8286-B15F40A59A78}"
EndProject
Global
	GlobalSection(SolutionConfigurationPlatforms) = preSolution
		Debug|Any CPU = Debug|Any CPU
		Release|Any CPU = Release|Any CPU
	EndGlobalSection
	GlobalSection(ProjectConfigurationPlatforms) = postSolution
		{315603E2-EB27-4518-8286-B15F40A59A78}.Debug|Any CPU.ActiveCfg = Debug|Any CPU
		{315603E2-EB27-4518-8286-B15F40A59A78}.Debug|Any CPU.Build.0 = Debug|Any CPU
		{315603E2-EB27-4518-8286-B15F40A59A78}.Release|Any CPU.ActiveCfg = Release|Any CPU
		{315603E2-EB27-4518-8286-B15F40A59A78}.Release|Any CPU.Build.0 = Release|Any CPU
	EndGlobalSection
	GlobalSection(SolutionProperties) = preSolution
		HideSolutionNode = FALSE
	EndGlobalSection
	GlobalSection(ExtensibilityGlobals) = postSolution
		SolutionGuid = {A2E0CC4C-44B3-4BCC-8C1A-40E95CA16A6F}
	EndGlobalSection
EndGlobal
